// !$*UTF8*$!
{
	archiveVersion = 1;
	classes = {
	};
	objectVersion = 56;
	objects = {

/* Begin PBXBuildFile section */
		9C0820B729D5A51F0053CD12 /* UserDefaultHandler.swift in Sources */ = {isa = PBXBuildFile; fileRef = 9C0820B629D5A51F0053CD12 /* UserDefaultHandler.swift */; };
		9C0820BA29D6078B0053CD12 /* dw21batch2-mynt-01.jpg in Resources */ = {isa = PBXBuildFile; fileRef = 9CDED3CE29D580D500DDA9A7 /* dw21batch2-mynt-01.jpg */; };
		9C4B189A29D62F610083BAD7 /* SoundPlayer.swift in Sources */ = {isa = PBXBuildFile; fileRef = 9C4B189929D62F610083BAD7 /* SoundPlayer.swift */; };
		9C4B18A029D715730083BAD7 /* mixkit-typewriter-classic-return-1381.wav in Resources */ = {isa = PBXBuildFile; fileRef = 9C4B189D29D715730083BAD7 /* mixkit-typewriter-classic-return-1381.wav */; };
		9C4B18A129D715730083BAD7 /* mixkit-typewriter-soft-hit-1366.wav in Resources */ = {isa = PBXBuildFile; fileRef = 9C4B189E29D715730083BAD7 /* mixkit-typewriter-soft-hit-1366.wav */; };
		9C4B18A229D715730083BAD7 /* mixkit-mechanical-typewriter-single-hit-1382.wav in Resources */ = {isa = PBXBuildFile; fileRef = 9C4B189F29D715730083BAD7 /* mixkit-mechanical-typewriter-single-hit-1382.wav */; };
		9C4B18A429D716930083BAD7 /* MomType.ttf in Resources */ = {isa = PBXBuildFile; fileRef = 9C4B18A329D716930083BAD7 /* MomType.ttf */; };
		9C4B18A629D716B90083BAD7 /* Chalk Board.ttf in Resources */ = {isa = PBXBuildFile; fileRef = 9C4B18A529D716B90083BAD7 /* Chalk Board.ttf */; };
		9C4B18A929D717510083BAD7 /* school-blackboard.jpg in Resources */ = {isa = PBXBuildFile; fileRef = 9C4B18A729D717510083BAD7 /* school-blackboard.jpg */; };
		9C4B18AA29D717510083BAD7 /* blackboard_set.jpg in Resources */ = {isa = PBXBuildFile; fileRef = 9C4B18A829D717510083BAD7 /* blackboard_set.jpg */; };
		9C4B18AC29D718D40083BAD7 /* svenska-ord.txt in Resources */ = {isa = PBXBuildFile; fileRef = 9C4B18AB29D718D40083BAD7 /* svenska-ord.txt */; };
		9C9F931E29C9E42A0029CA22 /* AppDelegate.swift in Sources */ = {isa = PBXBuildFile; fileRef = 9C9F931D29C9E42A0029CA22 /* AppDelegate.swift */; };
		9C9F932029C9E42A0029CA22 /* SceneDelegate.swift in Sources */ = {isa = PBXBuildFile; fileRef = 9C9F931F29C9E42A0029CA22 /* SceneDelegate.swift */; };
		9C9F932229C9E42A0029CA22 /* ViewController.swift in Sources */ = {isa = PBXBuildFile; fileRef = 9C9F932129C9E42A0029CA22 /* ViewController.swift */; };
		9C9F932529C9E42A0029CA22 /* Main.storyboard in Resources */ = {isa = PBXBuildFile; fileRef = 9C9F932329C9E42A0029CA22 /* Main.storyboard */; };
		9C9F932A29C9E42B0029CA22 /* LaunchScreen.storyboard in Resources */ = {isa = PBXBuildFile; fileRef = 9C9F932829C9E42B0029CA22 /* LaunchScreen.storyboard */; };
		9C9F933529C9E42B0029CA22 /* SwiftTypingTests.swift in Sources */ = {isa = PBXBuildFile; fileRef = 9C9F933429C9E42B0029CA22 /* SwiftTypingTests.swift */; };
		9C9F933F29C9E42B0029CA22 /* SwiftTypingUITests.swift in Sources */ = {isa = PBXBuildFile; fileRef = 9C9F933E29C9E42B0029CA22 /* SwiftTypingUITests.swift */; };
		9C9F934129C9E42B0029CA22 /* SwiftTypingUITestsLaunchTests.swift in Sources */ = {isa = PBXBuildFile; fileRef = 9C9F934029C9E42B0029CA22 /* SwiftTypingUITestsLaunchTests.swift */; };
		9C9F934E29C9FBD10029CA22 /* GameViewController.swift in Sources */ = {isa = PBXBuildFile; fileRef = 9C9F934D29C9FBD10029CA22 /* GameViewController.swift */; };
		9C9F935029C9FBE60029CA22 /* SettingsViewController.swift in Sources */ = {isa = PBXBuildFile; fileRef = 9C9F934F29C9FBE60029CA22 /* SettingsViewController.swift */; };
		9C9F935C29CA09690029CA22 /* GameWords.swift in Sources */ = {isa = PBXBuildFile; fileRef = 9C9F935B29CA09690029CA22 /* GameWords.swift */; };
		9C9F935E29CA193C0029CA22 /* Clock.swift in Sources */ = {isa = PBXBuildFile; fileRef = 9C9F935D29CA193C0029CA22 /* Clock.swift */; };
		9C9F936029CA23600029CA22 /* Game.swift in Sources */ = {isa = PBXBuildFile; fileRef = 9C9F935F29CA23600029CA22 /* Game.swift */; };
		9C9F936429CDEEE10029CA22 /* GameOverViewController.swift in Sources */ = {isa = PBXBuildFile; fileRef = 9C9F936329CDEEE10029CA22 /* GameOverViewController.swift */; };
		9C9F93AE29CFA5AB0029CA22 /* HiScoreTableViewController.swift in Sources */ = {isa = PBXBuildFile; fileRef = 9C9F93AD29CFA5AB0029CA22 /* HiScoreTableViewController.swift */; };
		9C9F93B229CFAA690029CA22 /* HiScoreTableViewCell.swift in Sources */ = {isa = PBXBuildFile; fileRef = 9C9F93B129CFAA690029CA22 /* HiScoreTableViewCell.swift */; };
		9CDED3D929D58FA400DDA9A7 /* Assets.xcassets in Resources */ = {isa = PBXBuildFile; fileRef = 9C9F932629C9E42B0029CA22 /* Assets.xcassets */; };
/* End PBXBuildFile section */

/* Begin PBXContainerItemProxy section */
		9C9F933129C9E42B0029CA22 /* PBXContainerItemProxy */ = {
			isa = PBXContainerItemProxy;
			containerPortal = 9C9F931229C9E42A0029CA22 /* Project object */;
			proxyType = 1;
			remoteGlobalIDString = 9C9F931929C9E42A0029CA22;
			remoteInfo = SwiftTyping;
		};
		9C9F933B29C9E42B0029CA22 /* PBXContainerItemProxy */ = {
			isa = PBXContainerItemProxy;
			containerPortal = 9C9F931229C9E42A0029CA22 /* Project object */;
			proxyType = 1;
			remoteGlobalIDString = 9C9F931929C9E42A0029CA22;
			remoteInfo = SwiftTyping;
		};
/* End PBXContainerItemProxy section */

/* Begin PBXFileReference section */
		9C0820B629D5A51F0053CD12 /* UserDefaultHandler.swift */ = {isa = PBXFileReference; lastKnownFileType = sourcecode.swift; path = UserDefaultHandler.swift; sourceTree = "<group>"; };
		9C4B189929D62F610083BAD7 /* SoundPlayer.swift */ = {isa = PBXFileReference; lastKnownFileType = sourcecode.swift; path = SoundPlayer.swift; sourceTree = "<group>"; };
		9C4B189D29D715730083BAD7 /* mixkit-typewriter-classic-return-1381.wav */ = {isa = PBXFileReference; lastKnownFileType = audio.wav; path = "mixkit-typewriter-classic-return-1381.wav"; sourceTree = "<group>"; };
		9C4B189E29D715730083BAD7 /* mixkit-typewriter-soft-hit-1366.wav */ = {isa = PBXFileReference; lastKnownFileType = audio.wav; path = "mixkit-typewriter-soft-hit-1366.wav"; sourceTree = "<group>"; };
		9C4B189F29D715730083BAD7 /* mixkit-mechanical-typewriter-single-hit-1382.wav */ = {isa = PBXFileReference; lastKnownFileType = audio.wav; path = "mixkit-mechanical-typewriter-single-hit-1382.wav"; sourceTree = "<group>"; };
		9C4B18A329D716930083BAD7 /* MomType.ttf */ = {isa = PBXFileReference; lastKnownFileType = file; path = MomType.ttf; sourceTree = "<group>"; };
		9C4B18A529D716B90083BAD7 /* Chalk Board.ttf */ = {isa = PBXFileReference; lastKnownFileType = file; path = "Chalk Board.ttf"; sourceTree = "<group>"; };
		9C4B18A729D717510083BAD7 /* school-blackboard.jpg */ = {isa = PBXFileReference; lastKnownFileType = image.jpeg; path = "school-blackboard.jpg"; sourceTree = "<group>"; };
		9C4B18A829D717510083BAD7 /* blackboard_set.jpg */ = {isa = PBXFileReference; lastKnownFileType = image.jpeg; path = blackboard_set.jpg; sourceTree = "<group>"; };
		9C4B18AB29D718D40083BAD7 /* svenska-ord.txt */ = {isa = PBXFileReference; fileEncoding = 4; lastKnownFileType = text; path = "svenska-ord.txt"; sourceTree = "<group>"; };
		9C9F931A29C9E42A0029CA22 /* SwiftTyping.app */ = {isa = PBXFileReference; explicitFileType = wrapper.application; includeInIndex = 0; path = SwiftTyping.app; sourceTree = BUILT_PRODUCTS_DIR; };
		9C9F931D29C9E42A0029CA22 /* AppDelegate.swift */ = {isa = PBXFileReference; lastKnownFileType = sourcecode.swift; path = AppDelegate.swift; sourceTree = "<group>"; };
		9C9F931F29C9E42A0029CA22 /* SceneDelegate.swift */ = {isa = PBXFileReference; lastKnownFileType = sourcecode.swift; path = SceneDelegate.swift; sourceTree = "<group>"; };
		9C9F932129C9E42A0029CA22 /* ViewController.swift */ = {isa = PBXFileReference; lastKnownFileType = sourcecode.swift; path = ViewController.swift; sourceTree = "<group>"; };
		9C9F932429C9E42A0029CA22 /* Base */ = {isa = PBXFileReference; lastKnownFileType = file.storyboard; name = Base; path = Base.lproj/Main.storyboard; sourceTree = "<group>"; };
		9C9F932629C9E42B0029CA22 /* Assets.xcassets */ = {isa = PBXFileReference; lastKnownFileType = folder.assetcatalog; path = Assets.xcassets; sourceTree = "<group>"; };
		9C9F932929C9E42B0029CA22 /* Base */ = {isa = PBXFileReference; lastKnownFileType = file.storyboard; name = Base; path = Base.lproj/LaunchScreen.storyboard; sourceTree = "<group>"; };
		9C9F932B29C9E42B0029CA22 /* Info.plist */ = {isa = PBXFileReference; lastKnownFileType = text.plist.xml; path = Info.plist; sourceTree = "<group>"; };
		9C9F933029C9E42B0029CA22 /* SwiftTypingTests.xctest */ = {isa = PBXFileReference; explicitFileType = wrapper.cfbundle; includeInIndex = 0; path = SwiftTypingTests.xctest; sourceTree = BUILT_PRODUCTS_DIR; };
		9C9F933429C9E42B0029CA22 /* SwiftTypingTests.swift */ = {isa = PBXFileReference; lastKnownFileType = sourcecode.swift; path = SwiftTypingTests.swift; sourceTree = "<group>"; };
		9C9F933A29C9E42B0029CA22 /* SwiftTypingUITests.xctest */ = {isa = PBXFileReference; explicitFileType = wrapper.cfbundle; includeInIndex = 0; path = SwiftTypingUITests.xctest; sourceTree = BUILT_PRODUCTS_DIR; };
		9C9F933E29C9E42B0029CA22 /* SwiftTypingUITests.swift */ = {isa = PBXFileReference; lastKnownFileType = sourcecode.swift; path = SwiftTypingUITests.swift; sourceTree = "<group>"; };
		9C9F934029C9E42B0029CA22 /* SwiftTypingUITestsLaunchTests.swift */ = {isa = PBXFileReference; lastKnownFileType = sourcecode.swift; path = SwiftTypingUITestsLaunchTests.swift; sourceTree = "<group>"; };
		9C9F934D29C9FBD10029CA22 /* GameViewController.swift */ = {isa = PBXFileReference; lastKnownFileType = sourcecode.swift; path = GameViewController.swift; sourceTree = "<group>"; };
		9C9F934F29C9FBE60029CA22 /* SettingsViewController.swift */ = {isa = PBXFileReference; lastKnownFileType = sourcecode.swift; path = SettingsViewController.swift; sourceTree = "<group>"; };
		9C9F935B29CA09690029CA22 /* GameWords.swift */ = {isa = PBXFileReference; lastKnownFileType = sourcecode.swift; path = GameWords.swift; sourceTree = "<group>"; };
		9C9F935D29CA193C0029CA22 /* Clock.swift */ = {isa = PBXFileReference; lastKnownFileType = sourcecode.swift; path = Clock.swift; sourceTree = "<group>"; };
		9C9F935F29CA23600029CA22 /* Game.swift */ = {isa = PBXFileReference; lastKnownFileType = sourcecode.swift; path = Game.swift; sourceTree = "<group>"; };
		9C9F936329CDEEE10029CA22 /* GameOverViewController.swift */ = {isa = PBXFileReference; lastKnownFileType = sourcecode.swift; path = GameOverViewController.swift; sourceTree = "<group>"; };
		9C9F93AD29CFA5AB0029CA22 /* HiScoreTableViewController.swift */ = {isa = PBXFileReference; lastKnownFileType = sourcecode.swift; path = HiScoreTableViewController.swift; sourceTree = "<group>"; };
		9C9F93B129CFAA690029CA22 /* HiScoreTableViewCell.swift */ = {isa = PBXFileReference; lastKnownFileType = sourcecode.swift; path = HiScoreTableViewCell.swift; sourceTree = "<group>"; };
		9CDED3CE29D580D500DDA9A7 /* dw21batch2-mynt-01.jpg */ = {isa = PBXFileReference; lastKnownFileType = image.jpeg; path = "dw21batch2-mynt-01.jpg"; sourceTree = "<group>"; };
/* End PBXFileReference section */

/* Begin PBXFrameworksBuildPhase section */
		9C9F931729C9E42A0029CA22 /* Frameworks */ = {
			isa = PBXFrameworksBuildPhase;
			buildActionMask = 2147483647;
			files = (
			);
			runOnlyForDeploymentPostprocessing = 0;
		};
		9C9F932D29C9E42B0029CA22 /* Frameworks */ = {
			isa = PBXFrameworksBuildPhase;
			buildActionMask = 2147483647;
			files = (
			);
			runOnlyForDeploymentPostprocessing = 0;
		};
		9C9F933729C9E42B0029CA22 /* Frameworks */ = {
			isa = PBXFrameworksBuildPhase;
			buildActionMask = 2147483647;
			files = (
			);
			runOnlyForDeploymentPostprocessing = 0;
		};
/* End PBXFrameworksBuildPhase section */

/* Begin PBXGroup section */
		9C4B189029D62AD50083BAD7 /* Sound */ = {
			isa = PBXGroup;
			children = (
				9C4B189F29D715730083BAD7 /* mixkit-mechanical-typewriter-single-hit-1382.wav */,
				9C4B189D29D715730083BAD7 /* mixkit-typewriter-classic-return-1381.wav */,
				9C4B189E29D715730083BAD7 /* mixkit-typewriter-soft-hit-1366.wav */,
			);
			path = Sound;
			sourceTree = "<group>";
		};
		9C4B18AF29D718F50083BAD7 /* WordList */ = {
			isa = PBXGroup;
			children = (
				9C4B18AB29D718D40083BAD7 /* svenska-ord.txt */,
			);
			path = WordList;
			sourceTree = "<group>";
		};
		9C9F931129C9E42A0029CA22 = {
			isa = PBXGroup;
			children = (
				9C9F931C29C9E42A0029CA22 /* SwiftTyping */,
				9C9F933329C9E42B0029CA22 /* SwiftTypingTests */,
				9C9F933D29C9E42B0029CA22 /* SwiftTypingUITests */,
				9C9F931B29C9E42A0029CA22 /* Products */,
			);
			sourceTree = "<group>";
		};
		9C9F931B29C9E42A0029CA22 /* Products */ = {
			isa = PBXGroup;
			children = (
				9C9F931A29C9E42A0029CA22 /* SwiftTyping.app */,
				9C9F933029C9E42B0029CA22 /* SwiftTypingTests.xctest */,
				9C9F933A29C9E42B0029CA22 /* SwiftTypingUITests.xctest */,
			);
			name = Products;
			sourceTree = "<group>";
		};
		9C9F931C29C9E42A0029CA22 /* SwiftTyping */ = {
			isa = PBXGroup;
			children = (
				9C4B18AF29D718F50083BAD7 /* WordList */,
				9C9F936229CB93800029CA22 /* Model */,
				9C4B189029D62AD50083BAD7 /* Sound */,
				9CDED3CD29D580CA00DDA9A7 /* Images */,
				9C9F93B729D0ABE70029CA22 /* Fonts */,
				9C9F936129CB934A0029CA22 /* ViewControllers */,
				9C9F931D29C9E42A0029CA22 /* AppDelegate.swift */,
				9C9F931F29C9E42A0029CA22 /* SceneDelegate.swift */,
				9C9F932329C9E42A0029CA22 /* Main.storyboard */,
				9C9F932629C9E42B0029CA22 /* Assets.xcassets */,
				9C9F932829C9E42B0029CA22 /* LaunchScreen.storyboard */,
				9C9F932B29C9E42B0029CA22 /* Info.plist */,
			);
			path = SwiftTyping;
			sourceTree = "<group>";
		};
		9C9F933329C9E42B0029CA22 /* SwiftTypingTests */ = {
			isa = PBXGroup;
			children = (
				9C9F933429C9E42B0029CA22 /* SwiftTypingTests.swift */,
			);
			path = SwiftTypingTests;
			sourceTree = "<group>";
		};
		9C9F933D29C9E42B0029CA22 /* SwiftTypingUITests */ = {
			isa = PBXGroup;
			children = (
				9C9F933E29C9E42B0029CA22 /* SwiftTypingUITests.swift */,
				9C9F934029C9E42B0029CA22 /* SwiftTypingUITestsLaunchTests.swift */,
			);
			path = SwiftTypingUITests;
			sourceTree = "<group>";
		};
		9C9F936129CB934A0029CA22 /* ViewControllers */ = {
			isa = PBXGroup;
			children = (
				9C9F932129C9E42A0029CA22 /* ViewController.swift */,
				9C9F934F29C9FBE60029CA22 /* SettingsViewController.swift */,
				9C9F934D29C9FBD10029CA22 /* GameViewController.swift */,
				9C9F93AD29CFA5AB0029CA22 /* HiScoreTableViewController.swift */,
				9C9F936329CDEEE10029CA22 /* GameOverViewController.swift */,
			);
			path = ViewControllers;
			sourceTree = "<group>";
		};
		9C9F936229CB93800029CA22 /* Model */ = {
			isa = PBXGroup;
			children = (
				9C9F935D29CA193C0029CA22 /* Clock.swift */,
				9C9F935B29CA09690029CA22 /* GameWords.swift */,
				9C9F935F29CA23600029CA22 /* Game.swift */,
				9C9F93B129CFAA690029CA22 /* HiScoreTableViewCell.swift */,
				9C0820B629D5A51F0053CD12 /* UserDefaultHandler.swift */,
				9C4B189929D62F610083BAD7 /* SoundPlayer.swift */,
			);
			path = Model;
			sourceTree = "<group>";
		};
		9C9F93B729D0ABE70029CA22 /* Fonts */ = {
			isa = PBXGroup;
			children = (
				9C4B18A529D716B90083BAD7 /* Chalk Board.ttf */,
				9C4B18A329D716930083BAD7 /* MomType.ttf */,
			);
			path = Fonts;
			sourceTree = "<group>";
		};
		9CDED3CD29D580CA00DDA9A7 /* Images */ = {
			isa = PBXGroup;
			children = (
				9C4B18A829D717510083BAD7 /* blackboard_set.jpg */,
				9C4B18A729D717510083BAD7 /* school-blackboard.jpg */,
				9CDED3CE29D580D500DDA9A7 /* dw21batch2-mynt-01.jpg */,
			);
			path = Images;
			sourceTree = "<group>";
		};
/* End PBXGroup section */

/* Begin PBXNativeTarget section */
		9C9F931929C9E42A0029CA22 /* SwiftTyping */ = {
			isa = PBXNativeTarget;
			buildConfigurationList = 9C9F934429C9E42B0029CA22 /* Build configuration list for PBXNativeTarget "SwiftTyping" */;
			buildPhases = (
				9C9F931629C9E42A0029CA22 /* Sources */,
				9C9F931729C9E42A0029CA22 /* Frameworks */,
				9C9F931829C9E42A0029CA22 /* Resources */,
			);
			buildRules = (
			);
			dependencies = (
			);
			name = SwiftTyping;
			productName = SwiftTyping;
			productReference = 9C9F931A29C9E42A0029CA22 /* SwiftTyping.app */;
			productType = "com.apple.product-type.application";
		};
		9C9F932F29C9E42B0029CA22 /* SwiftTypingTests */ = {
			isa = PBXNativeTarget;
			buildConfigurationList = 9C9F934729C9E42B0029CA22 /* Build configuration list for PBXNativeTarget "SwiftTypingTests" */;
			buildPhases = (
				9C9F932C29C9E42B0029CA22 /* Sources */,
				9C9F932D29C9E42B0029CA22 /* Frameworks */,
				9C9F932E29C9E42B0029CA22 /* Resources */,
			);
			buildRules = (
			);
			dependencies = (
				9C9F933229C9E42B0029CA22 /* PBXTargetDependency */,
			);
			name = SwiftTypingTests;
			productName = SwiftTypingTests;
			productReference = 9C9F933029C9E42B0029CA22 /* SwiftTypingTests.xctest */;
			productType = "com.apple.product-type.bundle.unit-test";
		};
		9C9F933929C9E42B0029CA22 /* SwiftTypingUITests */ = {
			isa = PBXNativeTarget;
			buildConfigurationList = 9C9F934A29C9E42B0029CA22 /* Build configuration list for PBXNativeTarget "SwiftTypingUITests" */;
			buildPhases = (
				9C9F933629C9E42B0029CA22 /* Sources */,
				9C9F933729C9E42B0029CA22 /* Frameworks */,
				9C9F933829C9E42B0029CA22 /* Resources */,
			);
			buildRules = (
			);
			dependencies = (
				9C9F933C29C9E42B0029CA22 /* PBXTargetDependency */,
			);
			name = SwiftTypingUITests;
			productName = SwiftTypingUITests;
			productReference = 9C9F933A29C9E42B0029CA22 /* SwiftTypingUITests.xctest */;
			productType = "com.apple.product-type.bundle.ui-testing";
		};
/* End PBXNativeTarget section */

/* Begin PBXProject section */
		9C9F931229C9E42A0029CA22 /* Project object */ = {
			isa = PBXProject;
			attributes = {
				BuildIndependentTargetsInParallel = 1;
				LastSwiftUpdateCheck = 1420;
				LastUpgradeCheck = 1420;
				TargetAttributes = {
					9C9F931929C9E42A0029CA22 = {
						CreatedOnToolsVersion = 14.2;
					};
					9C9F932F29C9E42B0029CA22 = {
						CreatedOnToolsVersion = 14.2;
						TestTargetID = 9C9F931929C9E42A0029CA22;
					};
					9C9F933929C9E42B0029CA22 = {
						CreatedOnToolsVersion = 14.2;
						TestTargetID = 9C9F931929C9E42A0029CA22;
					};
				};
			};
			buildConfigurationList = 9C9F931529C9E42A0029CA22 /* Build configuration list for PBXProject "SwiftTyping" */;
			compatibilityVersion = "Xcode 14.0";
			developmentRegion = en;
			hasScannedForEncodings = 0;
			knownRegions = (
				en,
				Base,
			);
			mainGroup = 9C9F931129C9E42A0029CA22;
			productRefGroup = 9C9F931B29C9E42A0029CA22 /* Products */;
			projectDirPath = "";
			projectRoot = "";
			targets = (
				9C9F931929C9E42A0029CA22 /* SwiftTyping */,
				9C9F932F29C9E42B0029CA22 /* SwiftTypingTests */,
				9C9F933929C9E42B0029CA22 /* SwiftTypingUITests */,
			);
		};
/* End PBXProject section */

/* Begin PBXResourcesBuildPhase section */
		9C9F931829C9E42A0029CA22 /* Resources */ = {
			isa = PBXResourcesBuildPhase;
			buildActionMask = 2147483647;
			files = (
				9C9F932A29C9E42B0029CA22 /* LaunchScreen.storyboard in Resources */,
				9C4B18AA29D717510083BAD7 /* blackboard_set.jpg in Resources */,
				9C4B18A929D717510083BAD7 /* school-blackboard.jpg in Resources */,
				9CDED3D929D58FA400DDA9A7 /* Assets.xcassets in Resources */,
				9C4B18A429D716930083BAD7 /* MomType.ttf in Resources */,
				9C4B18A229D715730083BAD7 /* mixkit-mechanical-typewriter-single-hit-1382.wav in Resources */,
				9C4B18AC29D718D40083BAD7 /* svenska-ord.txt in Resources */,
				9C4B18A629D716B90083BAD7 /* Chalk Board.ttf in Resources */,
				9C0820BA29D6078B0053CD12 /* dw21batch2-mynt-01.jpg in Resources */,
				9C4B18A129D715730083BAD7 /* mixkit-typewriter-soft-hit-1366.wav in Resources */,
				9C4B18A029D715730083BAD7 /* mixkit-typewriter-classic-return-1381.wav in Resources */,
				9C9F932529C9E42A0029CA22 /* Main.storyboard in Resources */,
			);
			runOnlyForDeploymentPostprocessing = 0;
		};
		9C9F932E29C9E42B0029CA22 /* Resources */ = {
			isa = PBXResourcesBuildPhase;
			buildActionMask = 2147483647;
			files = (
			);
			runOnlyForDeploymentPostprocessing = 0;
		};
		9C9F933829C9E42B0029CA22 /* Resources */ = {
			isa = PBXResourcesBuildPhase;
			buildActionMask = 2147483647;
			files = (
			);
			runOnlyForDeploymentPostprocessing = 0;
		};
/* End PBXResourcesBuildPhase section */

/* Begin PBXSourcesBuildPhase section */
		9C9F931629C9E42A0029CA22 /* Sources */ = {
			isa = PBXSourcesBuildPhase;
			buildActionMask = 2147483647;
			files = (
				9C4B189A29D62F610083BAD7 /* SoundPlayer.swift in Sources */,
				9C9F936029CA23600029CA22 /* Game.swift in Sources */,
				9C9F935C29CA09690029CA22 /* GameWords.swift in Sources */,
				9C9F935E29CA193C0029CA22 /* Clock.swift in Sources */,
				9C9F936429CDEEE10029CA22 /* GameOverViewController.swift in Sources */,
				9C9F934E29C9FBD10029CA22 /* GameViewController.swift in Sources */,
				9C9F932229C9E42A0029CA22 /* ViewController.swift in Sources */,
				9C9F93B229CFAA690029CA22 /* HiScoreTableViewCell.swift in Sources */,
				9C9F93AE29CFA5AB0029CA22 /* HiScoreTableViewController.swift in Sources */,
				9C9F931E29C9E42A0029CA22 /* AppDelegate.swift in Sources */,
				9C0820B729D5A51F0053CD12 /* UserDefaultHandler.swift in Sources */,
				9C9F935029C9FBE60029CA22 /* SettingsViewController.swift in Sources */,
				9C9F932029C9E42A0029CA22 /* SceneDelegate.swift in Sources */,
			);
			runOnlyForDeploymentPostprocessing = 0;
		};
		9C9F932C29C9E42B0029CA22 /* Sources */ = {
			isa = PBXSourcesBuildPhase;
			buildActionMask = 2147483647;
			files = (
				9C9F933529C9E42B0029CA22 /* SwiftTypingTests.swift in Sources */,
			);
			runOnlyForDeploymentPostprocessing = 0;
		};
		9C9F933629C9E42B0029CA22 /* Sources */ = {
			isa = PBXSourcesBuildPhase;
			buildActionMask = 2147483647;
			files = (
				9C9F933F29C9E42B0029CA22 /* SwiftTypingUITests.swift in Sources */,
				9C9F934129C9E42B0029CA22 /* SwiftTypingUITestsLaunchTests.swift in Sources */,
			);
			runOnlyForDeploymentPostprocessing = 0;
		};
/* End PBXSourcesBuildPhase section */

/* Begin PBXTargetDependency section */
		9C9F933229C9E42B0029CA22 /* PBXTargetDependency */ = {
			isa = PBXTargetDependency;
			target = 9C9F931929C9E42A0029CA22 /* SwiftTyping */;
			targetProxy = 9C9F933129C9E42B0029CA22 /* PBXContainerItemProxy */;
		};
		9C9F933C29C9E42B0029CA22 /* PBXTargetDependency */ = {
			isa = PBXTargetDependency;
			target = 9C9F931929C9E42A0029CA22 /* SwiftTyping */;
			targetProxy = 9C9F933B29C9E42B0029CA22 /* PBXContainerItemProxy */;
		};
/* End PBXTargetDependency section */

/* Begin PBXVariantGroup section */
		9C9F932329C9E42A0029CA22 /* Main.storyboard */ = {
			isa = PBXVariantGroup;
			children = (
				9C9F932429C9E42A0029CA22 /* Base */,
			);
			name = Main.storyboard;
			sourceTree = "<group>";
		};
		9C9F932829C9E42B0029CA22 /* LaunchScreen.storyboard */ = {
			isa = PBXVariantGroup;
			children = (
				9C9F932929C9E42B0029CA22 /* Base */,
			);
			name = LaunchScreen.storyboard;
			sourceTree = "<group>";
		};
/* End PBXVariantGroup section */

/* Begin XCBuildConfiguration section */
		9C9F934229C9E42B0029CA22 /* Debug */ = {
			isa = XCBuildConfiguration;
			buildSettings = {
				ALWAYS_SEARCH_USER_PATHS = NO;
				CLANG_ANALYZER_NONNULL = YES;
				CLANG_ANALYZER_NUMBER_OBJECT_CONVERSION = YES_AGGRESSIVE;
				CLANG_CXX_LANGUAGE_STANDARD = "gnu++20";
				CLANG_ENABLE_MODULES = YES;
				CLANG_ENABLE_OBJC_ARC = YES;
				CLANG_ENABLE_OBJC_WEAK = YES;
				CLANG_WARN_BLOCK_CAPTURE_AUTORELEASING = YES;
				CLANG_WARN_BOOL_CONVERSION = YES;
				CLANG_WARN_COMMA = YES;
				CLANG_WARN_CONSTANT_CONVERSION = YES;
				CLANG_WARN_DEPRECATED_OBJC_IMPLEMENTATIONS = YES;
				CLANG_WARN_DIRECT_OBJC_ISA_USAGE = YES_ERROR;
				CLANG_WARN_DOCUMENTATION_COMMENTS = YES;
				CLANG_WARN_EMPTY_BODY = YES;
				CLANG_WARN_ENUM_CONVERSION = YES;
				CLANG_WARN_INFINITE_RECURSION = YES;
				CLANG_WARN_INT_CONVERSION = YES;
				CLANG_WARN_NON_LITERAL_NULL_CONVERSION = YES;
				CLANG_WARN_OBJC_IMPLICIT_RETAIN_SELF = YES;
				CLANG_WARN_OBJC_LITERAL_CONVERSION = YES;
				CLANG_WARN_OBJC_ROOT_CLASS = YES_ERROR;
				CLANG_WARN_QUOTED_INCLUDE_IN_FRAMEWORK_HEADER = YES;
				CLANG_WARN_RANGE_LOOP_ANALYSIS = YES;
				CLANG_WARN_STRICT_PROTOTYPES = YES;
				CLANG_WARN_SUSPICIOUS_MOVE = YES;
				CLANG_WARN_UNGUARDED_AVAILABILITY = YES_AGGRESSIVE;
				CLANG_WARN_UNREACHABLE_CODE = YES;
				CLANG_WARN__DUPLICATE_METHOD_MATCH = YES;
				COPY_PHASE_STRIP = NO;
				DEBUG_INFORMATION_FORMAT = dwarf;
				ENABLE_STRICT_OBJC_MSGSEND = YES;
				ENABLE_TESTABILITY = YES;
				GCC_C_LANGUAGE_STANDARD = gnu11;
				GCC_DYNAMIC_NO_PIC = NO;
				GCC_NO_COMMON_BLOCKS = YES;
				GCC_OPTIMIZATION_LEVEL = 0;
				GCC_PREPROCESSOR_DEFINITIONS = (
					"DEBUG=1",
					"$(inherited)",
				);
				GCC_WARN_64_TO_32_BIT_CONVERSION = YES;
				GCC_WARN_ABOUT_RETURN_TYPE = YES_ERROR;
				GCC_WARN_UNDECLARED_SELECTOR = YES;
				GCC_WARN_UNINITIALIZED_AUTOS = YES_AGGRESSIVE;
				GCC_WARN_UNUSED_FUNCTION = YES;
				GCC_WARN_UNUSED_VARIABLE = YES;
				IPHONEOS_DEPLOYMENT_TARGET = 16.2;
				MTL_ENABLE_DEBUG_INFO = INCLUDE_SOURCE;
				MTL_FAST_MATH = YES;
				ONLY_ACTIVE_ARCH = YES;
				SDKROOT = iphoneos;
				SWIFT_ACTIVE_COMPILATION_CONDITIONS = DEBUG;
				SWIFT_OPTIMIZATION_LEVEL = "-Onone";
			};
			name = Debug;
		};
		9C9F934329C9E42B0029CA22 /* Release */ = {
			isa = XCBuildConfiguration;
			buildSettings = {
				ALWAYS_SEARCH_USER_PATHS = NO;
				CLANG_ANALYZER_NONNULL = YES;
				CLANG_ANALYZER_NUMBER_OBJECT_CONVERSION = YES_AGGRESSIVE;
				CLANG_CXX_LANGUAGE_STANDARD = "gnu++20";
				CLANG_ENABLE_MODULES = YES;
				CLANG_ENABLE_OBJC_ARC = YES;
				CLANG_ENABLE_OBJC_WEAK = YES;
				CLANG_WARN_BLOCK_CAPTURE_AUTORELEASING = YES;
				CLANG_WARN_BOOL_CONVERSION = YES;
				CLANG_WARN_COMMA = YES;
				CLANG_WARN_CONSTANT_CONVERSION = YES;
				CLANG_WARN_DEPRECATED_OBJC_IMPLEMENTATIONS = YES;
				CLANG_WARN_DIRECT_OBJC_ISA_USAGE = YES_ERROR;
				CLANG_WARN_DOCUMENTATION_COMMENTS = YES;
				CLANG_WARN_EMPTY_BODY = YES;
				CLANG_WARN_ENUM_CONVERSION = YES;
				CLANG_WARN_INFINITE_RECURSION = YES;
				CLANG_WARN_INT_CONVERSION = YES;
				CLANG_WARN_NON_LITERAL_NULL_CONVERSION = YES;
				CLANG_WARN_OBJC_IMPLICIT_RETAIN_SELF = YES;
				CLANG_WARN_OBJC_LITERAL_CONVERSION = YES;
				CLANG_WARN_OBJC_ROOT_CLASS = YES_ERROR;
				CLANG_WARN_QUOTED_INCLUDE_IN_FRAMEWORK_HEADER = YES;
				CLANG_WARN_RANGE_LOOP_ANALYSIS = YES;
				CLANG_WARN_STRICT_PROTOTYPES = YES;
				CLANG_WARN_SUSPICIOUS_MOVE = YES;
				CLANG_WARN_UNGUARDED_AVAILABILITY = YES_AGGRESSIVE;
				CLANG_WARN_UNREACHABLE_CODE = YES;
				CLANG_WARN__DUPLICATE_METHOD_MATCH = YES;
				COPY_PHASE_STRIP = NO;
				DEBUG_INFORMATION_FORMAT = "dwarf-with-dsym";
				ENABLE_NS_ASSERTIONS = NO;
				ENABLE_STRICT_OBJC_MSGSEND = YES;
				GCC_C_LANGUAGE_STANDARD = gnu11;
				GCC_NO_COMMON_BLOCKS = YES;
				GCC_WARN_64_TO_32_BIT_CONVERSION = YES;
				GCC_WARN_ABOUT_RETURN_TYPE = YES_ERROR;
				GCC_WARN_UNDECLARED_SELECTOR = YES;
				GCC_WARN_UNINITIALIZED_AUTOS = YES_AGGRESSIVE;
				GCC_WARN_UNUSED_FUNCTION = YES;
				GCC_WARN_UNUSED_VARIABLE = YES;
				IPHONEOS_DEPLOYMENT_TARGET = 16.2;
				MTL_ENABLE_DEBUG_INFO = NO;
				MTL_FAST_MATH = YES;
				SDKROOT = iphoneos;
				SWIFT_COMPILATION_MODE = wholemodule;
				SWIFT_OPTIMIZATION_LEVEL = "-O";
				VALIDATE_PRODUCT = YES;
			};
			name = Release;
		};
		9C9F934529C9E42B0029CA22 /* Debug */ = {
			isa = XCBuildConfiguration;
			buildSettings = {
				ASSETCATALOG_COMPILER_APPICON_NAME = AppIcon;
				ASSETCATALOG_COMPILER_GLOBAL_ACCENT_COLOR_NAME = AccentColor;
				CODE_SIGN_STYLE = Automatic;
				CURRENT_PROJECT_VERSION = 1;
				GENERATE_INFOPLIST_FILE = YES;
				INFOPLIST_FILE = SwiftTyping/Info.plist;
				INFOPLIST_KEY_UIApplicationSupportsIndirectInputEvents = YES;
				INFOPLIST_KEY_UILaunchStoryboardName = LaunchScreen;
				INFOPLIST_KEY_UIMainStoryboardFile = Main;
				INFOPLIST_KEY_UISupportedInterfaceOrientations_iPad = "UIInterfaceOrientationPortrait UIInterfaceOrientationPortraitUpsideDown UIInterfaceOrientationLandscapeLeft UIInterfaceOrientationLandscapeRight";
				INFOPLIST_KEY_UISupportedInterfaceOrientations_iPhone = "UIInterfaceOrientationPortrait UIInterfaceOrientationLandscapeLeft UIInterfaceOrientationLandscapeRight";
				LD_RUNPATH_SEARCH_PATHS = (
					"$(inherited)",
					"@executable_path/Frameworks",
				);
				MARKETING_VERSION = 1.0;
				PRODUCT_BUNDLE_IDENTIFIER = com.example.SwiftTyping;
				PRODUCT_NAME = "$(TARGET_NAME)";
				SWIFT_EMIT_LOC_STRINGS = YES;
				SWIFT_VERSION = 5.0;
				TARGETED_DEVICE_FAMILY = "1,2";
			};
			name = Debug;
		};
		9C9F934629C9E42B0029CA22 /* Release */ = {
			isa = XCBuildConfiguration;
			buildSettings = {
				ASSETCATALOG_COMPILER_APPICON_NAME = AppIcon;
				ASSETCATALOG_COMPILER_GLOBAL_ACCENT_COLOR_NAME = AccentColor;
				CODE_SIGN_STYLE = Automatic;
				CURRENT_PROJECT_VERSION = 1;
				GENERATE_INFOPLIST_FILE = YES;
				INFOPLIST_FILE = SwiftTyping/Info.plist;
				INFOPLIST_KEY_UIApplicationSupportsIndirectInputEvents = YES;
				INFOPLIST_KEY_UILaunchStoryboardName = LaunchScreen;
				INFOPLIST_KEY_UIMainStoryboardFile = Main;
				INFOPLIST_KEY_UISupportedInterfaceOrientations_iPad = "UIInterfaceOrientationPortrait UIInterfaceOrientationPortraitUpsideDown UIInterfaceOrientationLandscapeLeft UIInterfaceOrientationLandscapeRight";
				INFOPLIST_KEY_UISupportedInterfaceOrientations_iPhone = "UIInterfaceOrientationPortrait UIInterfaceOrientationLandscapeLeft UIInterfaceOrientationLandscapeRight";
				LD_RUNPATH_SEARCH_PATHS = (
					"$(inherited)",
					"@executable_path/Frameworks",
				);
				MARKETING_VERSION = 1.0;
				PRODUCT_BUNDLE_IDENTIFIER = com.example.SwiftTyping;
				PRODUCT_NAME = "$(TARGET_NAME)";
				SWIFT_EMIT_LOC_STRINGS = YES;
				SWIFT_VERSION = 5.0;
				TARGETED_DEVICE_FAMILY = "1,2";
			};
			name = Release;
		};
		9C9F934829C9E42B0029CA22 /* Debug */ = {
			isa = XCBuildConfiguration;
			buildSettings = {
				ALWAYS_EMBED_SWIFT_STANDARD_LIBRARIES = YES;
				BUNDLE_LOADER = "$(TEST_HOST)";
				CODE_SIGN_STYLE = Automatic;
				CURRENT_PROJECT_VERSION = 1;
				GENERATE_INFOPLIST_FILE = YES;
				IPHONEOS_DEPLOYMENT_TARGET = 16.2;
				MARKETING_VERSION = 1.0;
				PRODUCT_BUNDLE_IDENTIFIER = com.example.SwiftTypingTests;
				PRODUCT_NAME = "$(TARGET_NAME)";
				SWIFT_EMIT_LOC_STRINGS = NO;
				SWIFT_VERSION = 5.0;
				TARGETED_DEVICE_FAMILY = "1,2";
				TEST_HOST = "$(BUILT_PRODUCTS_DIR)/SwiftTyping.app/$(BUNDLE_EXECUTABLE_FOLDER_PATH)/SwiftTyping";
			};
			name = Debug;
		};
		9C9F934929C9E42B0029CA22 /* Release */ = {
			isa = XCBuildConfiguration;
			buildSettings = {
				ALWAYS_EMBED_SWIFT_STANDARD_LIBRARIES = YES;
				BUNDLE_LOADER = "$(TEST_HOST)";
				CODE_SIGN_STYLE = Automatic;
				CURRENT_PROJECT_VERSION = 1;
				GENERATE_INFOPLIST_FILE = YES;
				IPHONEOS_DEPLOYMENT_TARGET = 16.2;
				MARKETING_VERSION = 1.0;
				PRODUCT_BUNDLE_IDENTIFIER = com.example.SwiftTypingTests;
				PRODUCT_NAME = "$(TARGET_NAME)";
				SWIFT_EMIT_LOC_STRINGS = NO;
				SWIFT_VERSION = 5.0;
				TARGETED_DEVICE_FAMILY = "1,2";
				TEST_HOST = "$(BUILT_PRODUCTS_DIR)/SwiftTyping.app/$(BUNDLE_EXECUTABLE_FOLDER_PATH)/SwiftTyping";
			};
			name = Release;
		};
		9C9F934B29C9E42B0029CA22 /* Debug */ = {
			isa = XCBuildConfiguration;
			buildSettings = {
				ALWAYS_EMBED_SWIFT_STANDARD_LIBRARIES = YES;
				CODE_SIGN_STYLE = Automatic;
				CURRENT_PROJECT_VERSION = 1;
				GENERATE_INFOPLIST_FILE = YES;
				MARKETING_VERSION = 1.0;
				PRODUCT_BUNDLE_IDENTIFIER = com.example.SwiftTypingUITests;
				PRODUCT_NAME = "$(TARGET_NAME)";
				SWIFT_EMIT_LOC_STRINGS = NO;
				SWIFT_VERSION = 5.0;
				TARGETED_DEVICE_FAMILY = "1,2";
				TEST_TARGET_NAME = SwiftTyping;
			};
			name = Debug;
		};
		9C9F934C29C9E42B0029CA22 /* Release */ = {
			isa = XCBuildConfiguration;
			buildSettings = {
				ALWAYS_EMBED_SWIFT_STANDARD_LIBRARIES = YES;
				CODE_SIGN_STYLE = Automatic;
				CURRENT_PROJECT_VERSION = 1;
				GENERATE_INFOPLIST_FILE = YES;
				MARKETING_VERSION = 1.0;
				PRODUCT_BUNDLE_IDENTIFIER = com.example.SwiftTypingUITests;
				PRODUCT_NAME = "$(TARGET_NAME)";
				SWIFT_EMIT_LOC_STRINGS = NO;
				SWIFT_VERSION = 5.0;
				TARGETED_DEVICE_FAMILY = "1,2";
				TEST_TARGET_NAME = SwiftTyping;
			};
			name = Release;
		};
/* End XCBuildConfiguration section */

/* Begin XCConfigurationList section */
		9C9F931529C9E42A0029CA22 /* Build configuration list for PBXProject "SwiftTyping" */ = {
			isa = XCConfigurationList;
			buildConfigurations = (
				9C9F934229C9E42B0029CA22 /* Debug */,
				9C9F934329C9E42B0029CA22 /* Release */,
			);
			defaultConfigurationIsVisible = 0;
			defaultConfigurationName = Release;
		};
		9C9F934429C9E42B0029CA22 /* Build configuration list for PBXNativeTarget "SwiftTyping" */ = {
			isa = XCConfigurationList;
			buildConfigurations = (
				9C9F934529C9E42B0029CA22 /* Debug */,
				9C9F934629C9E42B0029CA22 /* Release */,
			);
			defaultConfigurationIsVisible = 0;
			defaultConfigurationName = Release;
		};
		9C9F934729C9E42B0029CA22 /* Build configuration list for PBXNativeTarget "SwiftTypingTests" */ = {
			isa = XCConfigurationList;
			buildConfigurations = (
				9C9F934829C9E42B0029CA22 /* Debug */,
				9C9F934929C9E42B0029CA22 /* Release */,
			);
			defaultConfigurationIsVisible = 0;
			defaultConfigurationName = Release;
		};
		9C9F934A29C9E42B0029CA22 /* Build configuration list for PBXNativeTarget "SwiftTypingUITests" */ = {
			isa = XCConfigurationList;
			buildConfigurations = (
				9C9F934B29C9E42B0029CA22 /* Debug */,
				9C9F934C29C9E42B0029CA22 /* Release */,
			);
			defaultConfigurationIsVisible = 0;
			defaultConfigurationName = Release;
		};
/* End XCConfigurationList section */
	};
	rootObject = 9C9F931229C9E42A0029CA22 /* Project object */;
}
